
Microsoft Visual Studio Solution File, Format Version 12.00
# Visual Studio Version 16
VisualStudioVersion = 16.0.30717.126
MinimumVisualStudioVersion = 10.0.40219.1
Project("{FAE04EC0-301F-11D3-BF4B-00C04F79EFBC}") = "MediaInfo+", "MediaInfo+.csproj", "{32ACF4D2-EA34-4A75-98BE-19148DD354BC}"
EndProject
Global
	GlobalSection(SolutionConfigurationPlatforms) = preSolution
		Debug|Any CPU = Debug|Any CPU
		Release|Any CPU = Release|Any CPU
	EndGlobalSection
	GlobalSection(ProjectConfigurationPlatforms) = postSolution
		{32ACF4D2-EA34-4A75-98BE-19148DD354BC}.Debug|Any CPU.ActiveCfg = Debug|Any CPU
		{32ACF4D2-EA34-4A75-98BE-19148DD354BC}.Debug|Any CPU.Build.0 = Debug|Any CPU
		{32ACF4D2-EA34-4A75-98BE-19148DD354BC}.Release|Any CPU.ActiveCfg = Release|Any CPU
		{32ACF4D2-EA34-4A75-98BE-19148DD354BC}.Release|Any CPU.Build.0 = Release|Any CPU
	EndGlobalSection
	GlobalSection(SolutionProperties) = preSolution
		HideSolutionNode = FALSE
	EndGlobalSection
	GlobalSection(ExtensibilityGlobals) = postSolution
		SolutionGuid = {EE861F1A-AFFE-4802-9E1D-516C4E219574}
	EndGlobalSection
EndGlobal
